// !$*UTF8*$!
{
	archiveVersion = 1;
	classes = {
	};
	objectVersion = 56;
	objects = {

/* Begin PBXBuildFile section */
		41C158FB88C97FE2ABB592F1 /* Pods_iChat.framework in Frameworks */ = {isa = PBXBuildFile; fileRef = CEF3123E8218F2272262CAFA /* Pods_iChat.framework */; };
		45445A702BA565710026A7A5 /* AuthService.swift in Sources */ = {isa = PBXBuildFile; fileRef = 45445A6F2BA565710026A7A5 /* AuthService.swift */; };
		45445A722BA56F780026A7A5 /* Validators.swift in Sources */ = {isa = PBXBuildFile; fileRef = 45445A712BA56F780026A7A5 /* Validators.swift */; };
		45445A742BA571200026A7A5 /* AuthError.swift in Sources */ = {isa = PBXBuildFile; fileRef = 45445A732BA571200026A7A5 /* AuthError.swift */; };
		45445A772BA715550026A7A5 /* AuthNavigationDelegate.swift in Sources */ = {isa = PBXBuildFile; fileRef = 45445A762BA715550026A7A5 /* AuthNavigationDelegate.swift */; };
		45445A792BA7E9140026A7A5 /* FirestoreService.swift in Sources */ = {isa = PBXBuildFile; fileRef = 45445A782BA7E9140026A7A5 /* FirestoreService.swift */; };
		45445A7B2BA7F0DA0026A7A5 /* UserError.swift in Sources */ = {isa = PBXBuildFile; fileRef = 45445A7A2BA7F0DA0026A7A5 /* UserError.swift */; };
		45445A7D2BA852790026A7A5 /* GoogleService-Info.plist in Resources */ = {isa = PBXBuildFile; fileRef = 45445A7C2BA852790026A7A5 /* GoogleService-Info.plist */; };
		45445A7F2BA9A3800026A7A5 /* StorageService.swift in Sources */ = {isa = PBXBuildFile; fileRef = 45445A7E2BA9A3800026A7A5 /* StorageService.swift */; };
		45445A812BA9A8B70026A7A5 /* UIImage + Exstension.swift in Sources */ = {isa = PBXBuildFile; fileRef = 45445A802BA9A8B70026A7A5 /* UIImage + Exstension.swift */; };
		45445A832BA9B8490026A7A5 /* ListenerService.swift in Sources */ = {isa = PBXBuildFile; fileRef = 45445A822BA9B8490026A7A5 /* ListenerService.swift */; };
		45445A852BA9D0010026A7A5 /* UIApplication + Extension.swift in Sources */ = {isa = PBXBuildFile; fileRef = 45445A842BA9D0010026A7A5 /* UIApplication + Extension.swift */; };
		45445A872BA9DEC50026A7A5 /* MMessage.swift in Sources */ = {isa = PBXBuildFile; fileRef = 45445A862BA9DEC50026A7A5 /* MMessage.swift */; };
		455B37912BA2C56B00E20EA4 /* ActiveChatCell.swift in Sources */ = {isa = PBXBuildFile; fileRef = 455B37902BA2C56B00E20EA4 /* ActiveChatCell.swift */; };
		455B37932BA2DF3A00E20EA4 /* GradientView.swift in Sources */ = {isa = PBXBuildFile; fileRef = 455B37922BA2DF3A00E20EA4 /* GradientView.swift */; };
		455B37952BA2EF0A00E20EA4 /* WaitingChatCell.swift in Sources */ = {isa = PBXBuildFile; fileRef = 455B37942BA2EF0A00E20EA4 /* WaitingChatCell.swift */; };
		455B37972BA2F09B00E20EA4 /* CellConfiguringCell.swift in Sources */ = {isa = PBXBuildFile; fileRef = 455B37962BA2F09B00E20EA4 /* CellConfiguringCell.swift */; };
		455B379A2BA2FBAE00E20EA4 /* SectionHeader.swift in Sources */ = {isa = PBXBuildFile; fileRef = 455B37992BA2FBAE00E20EA4 /* SectionHeader.swift */; };
		455B379C2BA3575700E20EA4 /* users.json in Resources */ = {isa = PBXBuildFile; fileRef = 455B379B2BA3575700E20EA4 /* users.json */; };
		455B379F2BA36A3C00E20EA4 /* MUser.swift in Sources */ = {isa = PBXBuildFile; fileRef = 455B379E2BA36A3C00E20EA4 /* MUser.swift */; };
		455B37A32BA36A6400E20EA4 /* MChat.swift in Sources */ = {isa = PBXBuildFile; fileRef = 455B37A22BA36A6400E20EA4 /* MChat.swift */; };
		455B37A62BA425B500E20EA4 /* UserCell.swift in Sources */ = {isa = PBXBuildFile; fileRef = 455B37A52BA425B400E20EA4 /* UserCell.swift */; };
		455B37A82BA4278F00E20EA4 /* UIViewController + Extension.swift in Sources */ = {isa = PBXBuildFile; fileRef = 455B37A72BA4278F00E20EA4 /* UIViewController + Extension.swift */; };
		455B37AA2BA43BC200E20EA4 /* ProfileViewController.swift in Sources */ = {isa = PBXBuildFile; fileRef = 455B37A92BA43BC200E20EA4 /* ProfileViewController.swift */; };
		455B37AE2BA45C0B00E20EA4 /* InsertableTextField.swift in Sources */ = {isa = PBXBuildFile; fileRef = 455B37AD2BA45C0B00E20EA4 /* InsertableTextField.swift */; };
		455B37B02BA45F4A00E20EA4 /* UIView + Extension.swift in Sources */ = {isa = PBXBuildFile; fileRef = 455B37AF2BA45F4A00E20EA4 /* UIView + Extension.swift */; };
		455B37B22BA464E300E20EA4 /* ChatRequestViewController.swift in Sources */ = {isa = PBXBuildFile; fileRef = 455B37B12BA464E300E20EA4 /* ChatRequestViewController.swift */; };
		456EE3522BAB109A00048F89 /* WaitingChatsNavigation.swift in Sources */ = {isa = PBXBuildFile; fileRef = 456EE3512BAB109A00048F89 /* WaitingChatsNavigation.swift */; };
		458EF57C2BA191B20051AFA9 /* AppDelegate.swift in Sources */ = {isa = PBXBuildFile; fileRef = 458EF57B2BA191B20051AFA9 /* AppDelegate.swift */; };
		458EF57E2BA191B20051AFA9 /* SceneDelegate.swift in Sources */ = {isa = PBXBuildFile; fileRef = 458EF57D2BA191B20051AFA9 /* SceneDelegate.swift */; };
		458EF5862BA191B20051AFA9 /* iChat.xcdatamodeld in Sources */ = {isa = PBXBuildFile; fileRef = 458EF5842BA191B20051AFA9 /* iChat.xcdatamodeld */; };
		458EF5882BA191B50051AFA9 /* Assets.xcassets in Resources */ = {isa = PBXBuildFile; fileRef = 458EF5872BA191B50051AFA9 /* Assets.xcassets */; };
		458EF58B2BA191B50051AFA9 /* Base in Resources */ = {isa = PBXBuildFile; fileRef = 458EF58A2BA191B50051AFA9 /* Base */; };
		458EF59B2BA1926E0051AFA9 /* MainTabBarController.swift in Sources */ = {isa = PBXBuildFile; fileRef = 458EF5982BA1926E0051AFA9 /* MainTabBarController.swift */; };
		458EF59C2BA1926E0051AFA9 /* ListViewController.swift in Sources */ = {isa = PBXBuildFile; fileRef = 458EF5992BA1926E0051AFA9 /* ListViewController.swift */; };
		458EF59D2BA1926E0051AFA9 /* PeopleViewController.swift in Sources */ = {isa = PBXBuildFile; fileRef = 458EF59A2BA1926E0051AFA9 /* PeopleViewController.swift */; };
		458EF59F2BA192810051AFA9 /* AuthViewController.swift in Sources */ = {isa = PBXBuildFile; fileRef = 458EF59E2BA192810051AFA9 /* AuthViewController.swift */; };
		458EF5A12BA192870051AFA9 /* SetupProfileViewController.swift in Sources */ = {isa = PBXBuildFile; fileRef = 458EF5A02BA192870051AFA9 /* SetupProfileViewController.swift */; };
		458EF5A92BA192900051AFA9 /* UIImage + Extension.swift in Sources */ = {isa = PBXBuildFile; fileRef = 458EF5A22BA192900051AFA9 /* UIImage + Extension.swift */; };
		458EF5AA2BA192900051AFA9 /* SegmentedControl + Extension.swift in Sources */ = {isa = PBXBuildFile; fileRef = 458EF5A32BA192900051AFA9 /* SegmentedControl + Extension.swift */; };
		458EF5AB2BA192900051AFA9 /* UIButton + Extension.swift in Sources */ = {isa = PBXBuildFile; fileRef = 458EF5A42BA192900051AFA9 /* UIButton + Extension.swift */; };
		458EF5AC2BA192900051AFA9 /* StackView + Extension.swift in Sources */ = {isa = PBXBuildFile; fileRef = 458EF5A52BA192900051AFA9 /* StackView + Extension.swift */; };
		458EF5AD2BA192900051AFA9 /* UIFont + Extension.swift in Sources */ = {isa = PBXBuildFile; fileRef = 458EF5A62BA192900051AFA9 /* UIFont + Extension.swift */; };
		458EF5AE2BA192900051AFA9 /* UILabel + Extension.swift in Sources */ = {isa = PBXBuildFile; fileRef = 458EF5A72BA192900051AFA9 /* UILabel + Extension.swift */; };
		458EF5AF2BA192900051AFA9 /* UIColor + Extension.swift in Sources */ = {isa = PBXBuildFile; fileRef = 458EF5A82BA192900051AFA9 /* UIColor + Extension.swift */; };
		458EF5B42BA1929A0051AFA9 /* ButtonFormView.swift in Sources */ = {isa = PBXBuildFile; fileRef = 458EF5B02BA1929A0051AFA9 /* ButtonFormView.swift */; };
		458EF5B52BA1929A0051AFA9 /* OneLineTextField.swift in Sources */ = {isa = PBXBuildFile; fileRef = 458EF5B12BA1929A0051AFA9 /* OneLineTextField.swift */; };
		458EF5B62BA1929A0051AFA9 /* Bundle-Decodable.swift in Sources */ = {isa = PBXBuildFile; fileRef = 458EF5B22BA1929A0051AFA9 /* Bundle-Decodable.swift */; };
		458EF5B72BA1929A0051AFA9 /* AddPhotoView.swift in Sources */ = {isa = PBXBuildFile; fileRef = 458EF5B32BA1929A0051AFA9 /* AddPhotoView.swift */; };
		458EF5BA2BA192EB0051AFA9 /* activeChats.json in Resources */ = {isa = PBXBuildFile; fileRef = 458EF5B82BA192EB0051AFA9 /* activeChats.json */; };
		458EF5BB2BA192EB0051AFA9 /* waitingChats.json in Resources */ = {isa = PBXBuildFile; fileRef = 458EF5B92BA192EB0051AFA9 /* waitingChats.json */; };
		458EF5BD2BA1938A0051AFA9 /* SignUpViewController.swift in Sources */ = {isa = PBXBuildFile; fileRef = 458EF5BC2BA1938A0051AFA9 /* SignUpViewController.swift */; };
		458EF5BF2BA193A00051AFA9 /* LoginViewController.swift in Sources */ = {isa = PBXBuildFile; fileRef = 458EF5BE2BA193A00051AFA9 /* LoginViewController.swift */; };
/* End PBXBuildFile section */

/* Begin PBXFileReference section */
		45445A6F2BA565710026A7A5 /* AuthService.swift */ = {isa = PBXFileReference; lastKnownFileType = sourcecode.swift; path = AuthService.swift; sourceTree = "<group>"; };
		45445A712BA56F780026A7A5 /* Validators.swift */ = {isa = PBXFileReference; lastKnownFileType = sourcecode.swift; path = Validators.swift; sourceTree = "<group>"; };
		45445A732BA571200026A7A5 /* AuthError.swift */ = {isa = PBXFileReference; lastKnownFileType = sourcecode.swift; path = AuthError.swift; sourceTree = "<group>"; };
		45445A762BA715550026A7A5 /* AuthNavigationDelegate.swift */ = {isa = PBXFileReference; lastKnownFileType = sourcecode.swift; path = AuthNavigationDelegate.swift; sourceTree = "<group>"; };
		45445A782BA7E9140026A7A5 /* FirestoreService.swift */ = {isa = PBXFileReference; lastKnownFileType = sourcecode.swift; path = FirestoreService.swift; sourceTree = "<group>"; };
		45445A7A2BA7F0DA0026A7A5 /* UserError.swift */ = {isa = PBXFileReference; lastKnownFileType = sourcecode.swift; path = UserError.swift; sourceTree = "<group>"; };
		45445A7C2BA852790026A7A5 /* GoogleService-Info.plist */ = {isa = PBXFileReference; fileEncoding = 4; lastKnownFileType = text.plist.xml; path = "GoogleService-Info.plist"; sourceTree = "<group>"; };
		45445A7E2BA9A3800026A7A5 /* StorageService.swift */ = {isa = PBXFileReference; lastKnownFileType = sourcecode.swift; path = StorageService.swift; sourceTree = "<group>"; };
		45445A802BA9A8B70026A7A5 /* UIImage + Exstension.swift */ = {isa = PBXFileReference; lastKnownFileType = sourcecode.swift; path = "UIImage + Exstension.swift"; sourceTree = "<group>"; };
		45445A822BA9B8490026A7A5 /* ListenerService.swift */ = {isa = PBXFileReference; lastKnownFileType = sourcecode.swift; path = ListenerService.swift; sourceTree = "<group>"; };
		45445A842BA9D0010026A7A5 /* UIApplication + Extension.swift */ = {isa = PBXFileReference; lastKnownFileType = sourcecode.swift; path = "UIApplication + Extension.swift"; sourceTree = "<group>"; };
		45445A862BA9DEC50026A7A5 /* MMessage.swift */ = {isa = PBXFileReference; lastKnownFileType = sourcecode.swift; path = MMessage.swift; sourceTree = "<group>"; };
		455B37902BA2C56B00E20EA4 /* ActiveChatCell.swift */ = {isa = PBXFileReference; lastKnownFileType = sourcecode.swift; path = ActiveChatCell.swift; sourceTree = "<group>"; };
		455B37922BA2DF3A00E20EA4 /* GradientView.swift */ = {isa = PBXFileReference; lastKnownFileType = sourcecode.swift; path = GradientView.swift; sourceTree = "<group>"; };
		455B37942BA2EF0A00E20EA4 /* WaitingChatCell.swift */ = {isa = PBXFileReference; lastKnownFileType = sourcecode.swift; path = WaitingChatCell.swift; sourceTree = "<group>"; };
		455B37962BA2F09B00E20EA4 /* CellConfiguringCell.swift */ = {isa = PBXFileReference; lastKnownFileType = sourcecode.swift; path = CellConfiguringCell.swift; sourceTree = "<group>"; };
		455B37992BA2FBAE00E20EA4 /* SectionHeader.swift */ = {isa = PBXFileReference; lastKnownFileType = sourcecode.swift; path = SectionHeader.swift; sourceTree = "<group>"; };
		455B379B2BA3575700E20EA4 /* users.json */ = {isa = PBXFileReference; fileEncoding = 4; lastKnownFileType = text.json; path = users.json; sourceTree = "<group>"; };
		455B379E2BA36A3C00E20EA4 /* MUser.swift */ = {isa = PBXFileReference; lastKnownFileType = sourcecode.swift; path = MUser.swift; sourceTree = "<group>"; };
		455B37A22BA36A6400E20EA4 /* MChat.swift */ = {isa = PBXFileReference; lastKnownFileType = sourcecode.swift; path = MChat.swift; sourceTree = "<group>"; };
		455B37A52BA425B400E20EA4 /* UserCell.swift */ = {isa = PBXFileReference; lastKnownFileType = sourcecode.swift; path = UserCell.swift; sourceTree = "<group>"; };
		455B37A72BA4278F00E20EA4 /* UIViewController + Extension.swift */ = {isa = PBXFileReference; lastKnownFileType = sourcecode.swift; path = "UIViewController + Extension.swift"; sourceTree = "<group>"; };
		455B37A92BA43BC200E20EA4 /* ProfileViewController.swift */ = {isa = PBXFileReference; lastKnownFileType = sourcecode.swift; path = ProfileViewController.swift; sourceTree = "<group>"; };
		455B37AD2BA45C0B00E20EA4 /* InsertableTextField.swift */ = {isa = PBXFileReference; lastKnownFileType = sourcecode.swift; path = InsertableTextField.swift; sourceTree = "<group>"; };
		455B37AF2BA45F4A00E20EA4 /* UIView + Extension.swift */ = {isa = PBXFileReference; lastKnownFileType = sourcecode.swift; path = "UIView + Extension.swift"; sourceTree = "<group>"; };
		455B37B12BA464E300E20EA4 /* ChatRequestViewController.swift */ = {isa = PBXFileReference; lastKnownFileType = sourcecode.swift; path = ChatRequestViewController.swift; sourceTree = "<group>"; };
		456EE3512BAB109A00048F89 /* WaitingChatsNavigation.swift */ = {isa = PBXFileReference; lastKnownFileType = sourcecode.swift; path = WaitingChatsNavigation.swift; sourceTree = "<group>"; };
		458EF5782BA191B20051AFA9 /* iChat.app */ = {isa = PBXFileReference; explicitFileType = wrapper.application; includeInIndex = 0; path = iChat.app; sourceTree = BUILT_PRODUCTS_DIR; };
		458EF57B2BA191B20051AFA9 /* AppDelegate.swift */ = {isa = PBXFileReference; lastKnownFileType = sourcecode.swift; path = AppDelegate.swift; sourceTree = "<group>"; };
		458EF57D2BA191B20051AFA9 /* SceneDelegate.swift */ = {isa = PBXFileReference; lastKnownFileType = sourcecode.swift; path = SceneDelegate.swift; sourceTree = "<group>"; };
		458EF5852BA191B20051AFA9 /* iChat.xcdatamodel */ = {isa = PBXFileReference; lastKnownFileType = wrapper.xcdatamodel; path = iChat.xcdatamodel; sourceTree = "<group>"; };
		458EF5872BA191B50051AFA9 /* Assets.xcassets */ = {isa = PBXFileReference; lastKnownFileType = folder.assetcatalog; path = Assets.xcassets; sourceTree = "<group>"; };
		458EF58A2BA191B50051AFA9 /* Base */ = {isa = PBXFileReference; lastKnownFileType = file.storyboard; name = Base; path = Base.lproj/LaunchScreen.storyboard; sourceTree = "<group>"; };
		458EF58C2BA191B50051AFA9 /* Info.plist */ = {isa = PBXFileReference; lastKnownFileType = text.plist.xml; path = Info.plist; sourceTree = "<group>"; };
		458EF5982BA1926E0051AFA9 /* MainTabBarController.swift */ = {isa = PBXFileReference; fileEncoding = 4; lastKnownFileType = sourcecode.swift; path = MainTabBarController.swift; sourceTree = "<group>"; };
		458EF5992BA1926E0051AFA9 /* ListViewController.swift */ = {isa = PBXFileReference; fileEncoding = 4; lastKnownFileType = sourcecode.swift; path = ListViewController.swift; sourceTree = "<group>"; };
		458EF59A2BA1926E0051AFA9 /* PeopleViewController.swift */ = {isa = PBXFileReference; fileEncoding = 4; lastKnownFileType = sourcecode.swift; path = PeopleViewController.swift; sourceTree = "<group>"; };
		458EF59E2BA192810051AFA9 /* AuthViewController.swift */ = {isa = PBXFileReference; fileEncoding = 4; lastKnownFileType = sourcecode.swift; path = AuthViewController.swift; sourceTree = "<group>"; };
		458EF5A02BA192870051AFA9 /* SetupProfileViewController.swift */ = {isa = PBXFileReference; fileEncoding = 4; lastKnownFileType = sourcecode.swift; path = SetupProfileViewController.swift; sourceTree = "<group>"; };
		458EF5A22BA192900051AFA9 /* UIImage + Extension.swift */ = {isa = PBXFileReference; fileEncoding = 4; lastKnownFileType = sourcecode.swift; path = "UIImage + Extension.swift"; sourceTree = "<group>"; };
		458EF5A32BA192900051AFA9 /* SegmentedControl + Extension.swift */ = {isa = PBXFileReference; fileEncoding = 4; lastKnownFileType = sourcecode.swift; path = "SegmentedControl + Extension.swift"; sourceTree = "<group>"; };
		458EF5A42BA192900051AFA9 /* UIButton + Extension.swift */ = {isa = PBXFileReference; fileEncoding = 4; lastKnownFileType = sourcecode.swift; path = "UIButton + Extension.swift"; sourceTree = "<group>"; };
		458EF5A52BA192900051AFA9 /* StackView + Extension.swift */ = {isa = PBXFileReference; fileEncoding = 4; lastKnownFileType = sourcecode.swift; path = "StackView + Extension.swift"; sourceTree = "<group>"; };
		458EF5A62BA192900051AFA9 /* UIFont + Extension.swift */ = {isa = PBXFileReference; fileEncoding = 4; lastKnownFileType = sourcecode.swift; path = "UIFont + Extension.swift"; sourceTree = "<group>"; };
		458EF5A72BA192900051AFA9 /* UILabel + Extension.swift */ = {isa = PBXFileReference; fileEncoding = 4; lastKnownFileType = sourcecode.swift; path = "UILabel + Extension.swift"; sourceTree = "<group>"; };
		458EF5A82BA192900051AFA9 /* UIColor + Extension.swift */ = {isa = PBXFileReference; fileEncoding = 4; lastKnownFileType = sourcecode.swift; path = "UIColor + Extension.swift"; sourceTree = "<group>"; };
		458EF5B02BA1929A0051AFA9 /* ButtonFormView.swift */ = {isa = PBXFileReference; fileEncoding = 4; lastKnownFileType = sourcecode.swift; path = ButtonFormView.swift; sourceTree = "<group>"; };
		458EF5B12BA1929A0051AFA9 /* OneLineTextField.swift */ = {isa = PBXFileReference; fileEncoding = 4; lastKnownFileType = sourcecode.swift; path = OneLineTextField.swift; sourceTree = "<group>"; };
		458EF5B22BA1929A0051AFA9 /* Bundle-Decodable.swift */ = {isa = PBXFileReference; fileEncoding = 4; lastKnownFileType = sourcecode.swift; path = "Bundle-Decodable.swift"; sourceTree = "<group>"; };
		458EF5B32BA1929A0051AFA9 /* AddPhotoView.swift */ = {isa = PBXFileReference; fileEncoding = 4; lastKnownFileType = sourcecode.swift; path = AddPhotoView.swift; sourceTree = "<group>"; };
		458EF5B82BA192EB0051AFA9 /* activeChats.json */ = {isa = PBXFileReference; fileEncoding = 4; lastKnownFileType = text.json; path = activeChats.json; sourceTree = "<group>"; };
		458EF5B92BA192EB0051AFA9 /* waitingChats.json */ = {isa = PBXFileReference; fileEncoding = 4; lastKnownFileType = text.json; path = waitingChats.json; sourceTree = "<group>"; };
		458EF5BC2BA1938A0051AFA9 /* SignUpViewController.swift */ = {isa = PBXFileReference; fileEncoding = 4; lastKnownFileType = sourcecode.swift; path = SignUpViewController.swift; sourceTree = "<group>"; };
		458EF5BE2BA193A00051AFA9 /* LoginViewController.swift */ = {isa = PBXFileReference; fileEncoding = 4; lastKnownFileType = sourcecode.swift; path = LoginViewController.swift; sourceTree = "<group>"; };
		95AE220CC4FC6EE563160779 /* Pods-iChat.release.xcconfig */ = {isa = PBXFileReference; includeInIndex = 1; lastKnownFileType = text.xcconfig; name = "Pods-iChat.release.xcconfig"; path = "Target Support Files/Pods-iChat/Pods-iChat.release.xcconfig"; sourceTree = "<group>"; };
		BD5458C6976D9DBDD670A542 /* Pods-iChat.debug.xcconfig */ = {isa = PBXFileReference; includeInIndex = 1; lastKnownFileType = text.xcconfig; name = "Pods-iChat.debug.xcconfig"; path = "Target Support Files/Pods-iChat/Pods-iChat.debug.xcconfig"; sourceTree = "<group>"; };
		CEF3123E8218F2272262CAFA /* Pods_iChat.framework */ = {isa = PBXFileReference; explicitFileType = wrapper.framework; includeInIndex = 0; path = Pods_iChat.framework; sourceTree = BUILT_PRODUCTS_DIR; };
/* End PBXFileReference section */

/* Begin PBXFrameworksBuildPhase section */
		458EF5752BA191B20051AFA9 /* Frameworks */ = {
			isa = PBXFrameworksBuildPhase;
			buildActionMask = 2147483647;
			files = (
				41C158FB88C97FE2ABB592F1 /* Pods_iChat.framework in Frameworks */,
			);
			runOnlyForDeploymentPostprocessing = 0;
		};
/* End PBXFrameworksBuildPhase section */

/* Begin PBXGroup section */
		1F006A1E9004D0C747FB3F7C /* Pods */ = {
			isa = PBXGroup;
			children = (
				BD5458C6976D9DBDD670A542 /* Pods-iChat.debug.xcconfig */,
				95AE220CC4FC6EE563160779 /* Pods-iChat.release.xcconfig */,
			);
			path = Pods;
			sourceTree = "<group>";
		};
		45445A6E2BA5651B0026A7A5 /* Services */ = {
			isa = PBXGroup;
			children = (
				455B37A42BA36A8900E20EA4 /* Models */,
				45445A6F2BA565710026A7A5 /* AuthService.swift */,
				45445A782BA7E9140026A7A5 /* FirestoreService.swift */,
				45445A7E2BA9A3800026A7A5 /* StorageService.swift */,
				45445A822BA9B8490026A7A5 /* ListenerService.swift */,
			);
			path = Services;
			sourceTree = "<group>";
		};
		45445A752BA5755E0026A7A5 /* Helpers */ = {
			isa = PBXGroup;
			children = (
				45445A712BA56F780026A7A5 /* Validators.swift */,
				45445A732BA571200026A7A5 /* AuthError.swift */,
				45445A7A2BA7F0DA0026A7A5 /* UserError.swift */,
			);
			path = Helpers;
			sourceTree = "<group>";
		};
		455B378F2BA2C55A00E20EA4 /* Cell */ = {
			isa = PBXGroup;
			children = (
				455B37902BA2C56B00E20EA4 /* ActiveChatCell.swift */,
				455B37942BA2EF0A00E20EA4 /* WaitingChatCell.swift */,
				455B37A52BA425B400E20EA4 /* UserCell.swift */,
			);
			path = Cell;
			sourceTree = "<group>";
		};
		455B37982BA2F0B900E20EA4 /* Protocols */ = {
			isa = PBXGroup;
			children = (
				455B37962BA2F09B00E20EA4 /* CellConfiguringCell.swift */,
				45445A762BA715550026A7A5 /* AuthNavigationDelegate.swift */,
				456EE3512BAB109A00048F89 /* WaitingChatsNavigation.swift */,
			);
			path = Protocols;
			sourceTree = "<group>";
		};
		455B379D2BA3699500E20EA4 /* Header */ = {
			isa = PBXGroup;
			children = (
				455B37992BA2FBAE00E20EA4 /* SectionHeader.swift */,
			);
			path = Header;
			sourceTree = "<group>";
		};
		455B37A42BA36A8900E20EA4 /* Models */ = {
			isa = PBXGroup;
			children = (
				455B379E2BA36A3C00E20EA4 /* MUser.swift */,
				455B37A22BA36A6400E20EA4 /* MChat.swift */,
				45445A862BA9DEC50026A7A5 /* MMessage.swift */,
			);
			path = Models;
			sourceTree = "<group>";
		};
		458EF56F2BA191B20051AFA9 = {
			isa = PBXGroup;
			children = (
				458EF57A2BA191B20051AFA9 /* iChat */,
				458EF5792BA191B20051AFA9 /* Products */,
				1F006A1E9004D0C747FB3F7C /* Pods */,
				75FA0A034BE56D479A2087AE /* Frameworks */,
			);
			sourceTree = "<group>";
		};
		458EF5792BA191B20051AFA9 /* Products */ = {
			isa = PBXGroup;
			children = (
				458EF5782BA191B20051AFA9 /* iChat.app */,
			);
			name = Products;
			sourceTree = "<group>";
		};
		458EF57A2BA191B20051AFA9 /* iChat */ = {
			isa = PBXGroup;
			children = (
				458EF57B2BA191B20051AFA9 /* AppDelegate.swift */,
				458EF57D2BA191B20051AFA9 /* SceneDelegate.swift */,
				45445A752BA5755E0026A7A5 /* Helpers */,
				45445A6E2BA5651B0026A7A5 /* Services */,
				458EF5952BA192330051AFA9 /* Signin&Auth */,
				458EF5942BA192240051AFA9 /* Controllers */,
				455B37982BA2F0B900E20EA4 /* Protocols */,
				458EF5962BA1924B0051AFA9 /* Extension */,
				458EF5872BA191B50051AFA9 /* Assets.xcassets */,
				458EF5892BA191B50051AFA9 /* LaunchScreen.storyboard */,
				458EF58C2BA191B50051AFA9 /* Info.plist */,
				45445A7C2BA852790026A7A5 /* GoogleService-Info.plist */,
				458EF5842BA191B20051AFA9 /* iChat.xcdatamodeld */,
				458EF5B82BA192EB0051AFA9 /* activeChats.json */,
				458EF5B92BA192EB0051AFA9 /* waitingChats.json */,
				455B379B2BA3575700E20EA4 /* users.json */,
			);
			path = iChat;
			sourceTree = "<group>";
		};
		458EF5942BA192240051AFA9 /* Controllers */ = {
			isa = PBXGroup;
			children = (
				458EF5982BA1926E0051AFA9 /* MainTabBarController.swift */,
				458EF5992BA1926E0051AFA9 /* ListViewController.swift */,
				458EF59A2BA1926E0051AFA9 /* PeopleViewController.swift */,
				455B37A92BA43BC200E20EA4 /* ProfileViewController.swift */,
				455B37B12BA464E300E20EA4 /* ChatRequestViewController.swift */,
				455B379D2BA3699500E20EA4 /* Header */,
				455B378F2BA2C55A00E20EA4 /* Cell */,
			);
			path = Controllers;
			sourceTree = "<group>";
		};
		458EF5952BA192330051AFA9 /* Signin&Auth */ = {
			isa = PBXGroup;
			children = (
				458EF59E2BA192810051AFA9 /* AuthViewController.swift */,
				458EF5BC2BA1938A0051AFA9 /* SignUpViewController.swift */,
				458EF5BE2BA193A00051AFA9 /* LoginViewController.swift */,
				458EF5A02BA192870051AFA9 /* SetupProfileViewController.swift */,
			);
			path = "Signin&Auth";
			sourceTree = "<group>";
		};
		458EF5962BA1924B0051AFA9 /* Extension */ = {
			isa = PBXGroup;
			children = (
				458EF5B32BA1929A0051AFA9 /* AddPhotoView.swift */,
				458EF5B22BA1929A0051AFA9 /* Bundle-Decodable.swift */,
				458EF5B02BA1929A0051AFA9 /* ButtonFormView.swift */,
				458EF5B12BA1929A0051AFA9 /* OneLineTextField.swift */,
				455B37922BA2DF3A00E20EA4 /* GradientView.swift */,
				455B37AD2BA45C0B00E20EA4 /* InsertableTextField.swift */,
				458EF5972BA192590051AFA9 /* UIKit */,
			);
			path = Extension;
			sourceTree = "<group>";
		};
		458EF5972BA192590051AFA9 /* UIKit */ = {
			isa = PBXGroup;
			children = (
				458EF5A32BA192900051AFA9 /* SegmentedControl + Extension.swift */,
				458EF5A52BA192900051AFA9 /* StackView + Extension.swift */,
				458EF5A42BA192900051AFA9 /* UIButton + Extension.swift */,
				458EF5A82BA192900051AFA9 /* UIColor + Extension.swift */,
				458EF5A62BA192900051AFA9 /* UIFont + Extension.swift */,
				458EF5A22BA192900051AFA9 /* UIImage + Extension.swift */,
				458EF5A72BA192900051AFA9 /* UILabel + Extension.swift */,
				455B37A72BA4278F00E20EA4 /* UIViewController + Extension.swift */,
				455B37AF2BA45F4A00E20EA4 /* UIView + Extension.swift */,
				45445A802BA9A8B70026A7A5 /* UIImage + Exstension.swift */,
				45445A842BA9D0010026A7A5 /* UIApplication + Extension.swift */,
			);
			path = UIKit;
			sourceTree = "<group>";
		};
		75FA0A034BE56D479A2087AE /* Frameworks */ = {
			isa = PBXGroup;
			children = (
				CEF3123E8218F2272262CAFA /* Pods_iChat.framework */,
			);
			name = Frameworks;
			sourceTree = "<group>";
		};
/* End PBXGroup section */

/* Begin PBXNativeTarget section */
		458EF5772BA191B20051AFA9 /* iChat */ = {
			isa = PBXNativeTarget;
			buildConfigurationList = 458EF58F2BA191B50051AFA9 /* Build configuration list for PBXNativeTarget "iChat" */;
			buildPhases = (
				5B828E6D4A37DCEA456C723F /* [CP] Check Pods Manifest.lock */,
				458EF5742BA191B20051AFA9 /* Sources */,
				458EF5752BA191B20051AFA9 /* Frameworks */,
				458EF5762BA191B20051AFA9 /* Resources */,
				23640A8D53F404E0685BC4DB /* [CP] Embed Pods Frameworks */,
			);
			buildRules = (
			);
			dependencies = (
			);
			name = iChat;
			productName = iChat;
			productReference = 458EF5782BA191B20051AFA9 /* iChat.app */;
			productType = "com.apple.product-type.application";
		};
/* End PBXNativeTarget section */

/* Begin PBXProject section */
		458EF5702BA191B20051AFA9 /* Project object */ = {
			isa = PBXProject;
			attributes = {
				BuildIndependentTargetsInParallel = 1;
				LastSwiftUpdateCheck = 1530;
				LastUpgradeCheck = 1530;
				TargetAttributes = {
					458EF5772BA191B20051AFA9 = {
						CreatedOnToolsVersion = 15.3;
					};
				};
			};
			buildConfigurationList = 458EF5732BA191B20051AFA9 /* Build configuration list for PBXProject "iChat" */;
			compatibilityVersion = "Xcode 14.0";
			developmentRegion = en;
			hasScannedForEncodings = 0;
			knownRegions = (
				en,
				Base,
			);
			mainGroup = 458EF56F2BA191B20051AFA9;
			productRefGroup = 458EF5792BA191B20051AFA9 /* Products */;
			projectDirPath = "";
			projectRoot = "";
			targets = (
				458EF5772BA191B20051AFA9 /* iChat */,
			);
		};
/* End PBXProject section */

/* Begin PBXResourcesBuildPhase section */
		458EF5762BA191B20051AFA9 /* Resources */ = {
			isa = PBXResourcesBuildPhase;
			buildActionMask = 2147483647;
			files = (
				455B379C2BA3575700E20EA4 /* users.json in Resources */,
				458EF5882BA191B50051AFA9 /* Assets.xcassets in Resources */,
				458EF5BA2BA192EB0051AFA9 /* activeChats.json in Resources */,
				45445A7D2BA852790026A7A5 /* GoogleService-Info.plist in Resources */,
				458EF58B2BA191B50051AFA9 /* Base in Resources */,
				458EF5BB2BA192EB0051AFA9 /* waitingChats.json in Resources */,
			);
			runOnlyForDeploymentPostprocessing = 0;
		};
/* End PBXResourcesBuildPhase section */

/* Begin PBXShellScriptBuildPhase section */
		23640A8D53F404E0685BC4DB /* [CP] Embed Pods Frameworks */ = {
			isa = PBXShellScriptBuildPhase;
			buildActionMask = 2147483647;
			files = (
			);
			inputFileListPaths = (
				"${PODS_ROOT}/Target Support Files/Pods-iChat/Pods-iChat-frameworks-${CONFIGURATION}-input-files.xcfilelist",
			);
			name = "[CP] Embed Pods Frameworks";
			outputFileListPaths = (
				"${PODS_ROOT}/Target Support Files/Pods-iChat/Pods-iChat-frameworks-${CONFIGURATION}-output-files.xcfilelist",
			);
			runOnlyForDeploymentPostprocessing = 0;
			shellPath = /bin/sh;
			shellScript = "\"${PODS_ROOT}/Target Support Files/Pods-iChat/Pods-iChat-frameworks.sh\"\n";
			showEnvVarsInLog = 0;
		};
		5B828E6D4A37DCEA456C723F /* [CP] Check Pods Manifest.lock */ = {
			isa = PBXShellScriptBuildPhase;
			buildActionMask = 2147483647;
			files = (
			);
			inputFileListPaths = (
			);
			inputPaths = (
				"${PODS_PODFILE_DIR_PATH}/Podfile.lock",
				"${PODS_ROOT}/Manifest.lock",
			);
			name = "[CP] Check Pods Manifest.lock";
			outputFileListPaths = (
			);
			outputPaths = (
				"$(DERIVED_FILE_DIR)/Pods-iChat-checkManifestLockResult.txt",
			);
			runOnlyForDeploymentPostprocessing = 0;
			shellPath = /bin/sh;
			shellScript = "diff \"${PODS_PODFILE_DIR_PATH}/Podfile.lock\" \"${PODS_ROOT}/Manifest.lock\" > /dev/null\nif [ $? != 0 ] ; then\n    # print error to STDERR\n    echo \"error: The sandbox is not in sync with the Podfile.lock. Run 'pod install' or update your CocoaPods installation.\" >&2\n    exit 1\nfi\n# This output is used by Xcode 'outputs' to avoid re-running this script phase.\necho \"SUCCESS\" > \"${SCRIPT_OUTPUT_FILE_0}\"\n";
			showEnvVarsInLog = 0;
		};
/* End PBXShellScriptBuildPhase section */

/* Begin PBXSourcesBuildPhase section */
		458EF5742BA191B20051AFA9 /* Sources */ = {
			isa = PBXSourcesBuildPhase;
			buildActionMask = 2147483647;
			files = (
				458EF5BF2BA193A00051AFA9 /* LoginViewController.swift in Sources */,
				455B37932BA2DF3A00E20EA4 /* GradientView.swift in Sources */,
				458EF5AA2BA192900051AFA9 /* SegmentedControl + Extension.swift in Sources */,
				45445A812BA9A8B70026A7A5 /* UIImage + Exstension.swift in Sources */,
				45445A7B2BA7F0DA0026A7A5 /* UserError.swift in Sources */,
				458EF5AB2BA192900051AFA9 /* UIButton + Extension.swift in Sources */,
				458EF5A12BA192870051AFA9 /* SetupProfileViewController.swift in Sources */,
				458EF5AC2BA192900051AFA9 /* StackView + Extension.swift in Sources */,
				455B37AE2BA45C0B00E20EA4 /* InsertableTextField.swift in Sources */,
				458EF57C2BA191B20051AFA9 /* AppDelegate.swift in Sources */,
				45445A722BA56F780026A7A5 /* Validators.swift in Sources */,
				458EF5B62BA1929A0051AFA9 /* Bundle-Decodable.swift in Sources */,
				458EF5AD2BA192900051AFA9 /* UIFont + Extension.swift in Sources */,
				458EF57E2BA191B20051AFA9 /* SceneDelegate.swift in Sources */,
				45445A772BA715550026A7A5 /* AuthNavigationDelegate.swift in Sources */,
				458EF5B52BA1929A0051AFA9 /* OneLineTextField.swift in Sources */,
				458EF59B2BA1926E0051AFA9 /* MainTabBarController.swift in Sources */,
				455B37AA2BA43BC200E20EA4 /* ProfileViewController.swift in Sources */,
				45445A792BA7E9140026A7A5 /* FirestoreService.swift in Sources */,
				455B379A2BA2FBAE00E20EA4 /* SectionHeader.swift in Sources */,
				455B379F2BA36A3C00E20EA4 /* MUser.swift in Sources */,
				45445A832BA9B8490026A7A5 /* ListenerService.swift in Sources */,
				458EF5B72BA1929A0051AFA9 /* AddPhotoView.swift in Sources */,
				458EF59F2BA192810051AFA9 /* AuthViewController.swift in Sources */,
				455B37A82BA4278F00E20EA4 /* UIViewController + Extension.swift in Sources */,
				455B37A62BA425B500E20EA4 /* UserCell.swift in Sources */,
				458EF5AF2BA192900051AFA9 /* UIColor + Extension.swift in Sources */,
				456EE3522BAB109A00048F89 /* WaitingChatsNavigation.swift in Sources */,
				455B37972BA2F09B00E20EA4 /* CellConfiguringCell.swift in Sources */,
				45445A852BA9D0010026A7A5 /* UIApplication + Extension.swift in Sources */,
				458EF5B42BA1929A0051AFA9 /* ButtonFormView.swift in Sources */,
				458EF5BD2BA1938A0051AFA9 /* SignUpViewController.swift in Sources */,
				45445A7F2BA9A3800026A7A5 /* StorageService.swift in Sources */,
				45445A872BA9DEC50026A7A5 /* MMessage.swift in Sources */,
				458EF5A92BA192900051AFA9 /* UIImage + Extension.swift in Sources */,
				458EF5AE2BA192900051AFA9 /* UILabel + Extension.swift in Sources */,
				455B37B22BA464E300E20EA4 /* ChatRequestViewController.swift in Sources */,
				45445A702BA565710026A7A5 /* AuthService.swift in Sources */,
				45445A742BA571200026A7A5 /* AuthError.swift in Sources */,
				455B37B02BA45F4A00E20EA4 /* UIView + Extension.swift in Sources */,
				455B37952BA2EF0A00E20EA4 /* WaitingChatCell.swift in Sources */,
				458EF59C2BA1926E0051AFA9 /* ListViewController.swift in Sources */,
				455B37912BA2C56B00E20EA4 /* ActiveChatCell.swift in Sources */,
				458EF5862BA191B20051AFA9 /* iChat.xcdatamodeld in Sources */,
				458EF59D2BA1926E0051AFA9 /* PeopleViewController.swift in Sources */,
				455B37A32BA36A6400E20EA4 /* MChat.swift in Sources */,
			);
			runOnlyForDeploymentPostprocessing = 0;
		};
/* End PBXSourcesBuildPhase section */

/* Begin PBXVariantGroup section */
		458EF5892BA191B50051AFA9 /* LaunchScreen.storyboard */ = {
			isa = PBXVariantGroup;
			children = (
				458EF58A2BA191B50051AFA9 /* Base */,
			);
			name = LaunchScreen.storyboard;
			sourceTree = "<group>";
		};
/* End PBXVariantGroup section */

/* Begin XCBuildConfiguration section */
		458EF58D2BA191B50051AFA9 /* Debug */ = {
			isa = XCBuildConfiguration;
			buildSettings = {
				ALWAYS_SEARCH_USER_PATHS = NO;
				ASSETCATALOG_COMPILER_GENERATE_SWIFT_ASSET_SYMBOL_EXTENSIONS = YES;
				CLANG_ANALYZER_NONNULL = YES;
				CLANG_ANALYZER_NUMBER_OBJECT_CONVERSION = YES_AGGRESSIVE;
				CLANG_CXX_LANGUAGE_STANDARD = "gnu++20";
				CLANG_ENABLE_MODULES = YES;
				CLANG_ENABLE_OBJC_ARC = YES;
				CLANG_ENABLE_OBJC_WEAK = YES;
				CLANG_WARN_BLOCK_CAPTURE_AUTORELEASING = YES;
				CLANG_WARN_BOOL_CONVERSION = YES;
				CLANG_WARN_COMMA = YES;
				CLANG_WARN_CONSTANT_CONVERSION = YES;
				CLANG_WARN_DEPRECATED_OBJC_IMPLEMENTATIONS = YES;
				CLANG_WARN_DIRECT_OBJC_ISA_USAGE = YES_ERROR;
				CLANG_WARN_DOCUMENTATION_COMMENTS = YES;
				CLANG_WARN_EMPTY_BODY = YES;
				CLANG_WARN_ENUM_CONVERSION = YES;
				CLANG_WARN_INFINITE_RECURSION = YES;
				CLANG_WARN_INT_CONVERSION = YES;
				CLANG_WARN_NON_LITERAL_NULL_CONVERSION = YES;
				CLANG_WARN_OBJC_IMPLICIT_RETAIN_SELF = YES;
				CLANG_WARN_OBJC_LITERAL_CONVERSION = YES;
				CLANG_WARN_OBJC_ROOT_CLASS = YES_ERROR;
				CLANG_WARN_QUOTED_INCLUDE_IN_FRAMEWORK_HEADER = YES;
				CLANG_WARN_RANGE_LOOP_ANALYSIS = YES;
				CLANG_WARN_STRICT_PROTOTYPES = YES;
				CLANG_WARN_SUSPICIOUS_MOVE = YES;
				CLANG_WARN_UNGUARDED_AVAILABILITY = YES_AGGRESSIVE;
				CLANG_WARN_UNREACHABLE_CODE = YES;
				CLANG_WARN__DUPLICATE_METHOD_MATCH = YES;
				COPY_PHASE_STRIP = NO;
				DEBUG_INFORMATION_FORMAT = dwarf;
				ENABLE_STRICT_OBJC_MSGSEND = YES;
				ENABLE_TESTABILITY = YES;
				ENABLE_USER_SCRIPT_SANDBOXING = YES;
				GCC_C_LANGUAGE_STANDARD = gnu17;
				GCC_DYNAMIC_NO_PIC = NO;
				GCC_NO_COMMON_BLOCKS = YES;
				GCC_OPTIMIZATION_LEVEL = 0;
				GCC_PREPROCESSOR_DEFINITIONS = (
					"DEBUG=1",
					"$(inherited)",
				);
				GCC_WARN_64_TO_32_BIT_CONVERSION = YES;
				GCC_WARN_ABOUT_RETURN_TYPE = YES_ERROR;
				GCC_WARN_UNDECLARED_SELECTOR = YES;
				GCC_WARN_UNINITIALIZED_AUTOS = YES_AGGRESSIVE;
				GCC_WARN_UNUSED_FUNCTION = YES;
				GCC_WARN_UNUSED_VARIABLE = YES;
				IPHONEOS_DEPLOYMENT_TARGET = 16.0;
				LOCALIZATION_PREFERS_STRING_CATALOGS = YES;
				MTL_ENABLE_DEBUG_INFO = INCLUDE_SOURCE;
				MTL_FAST_MATH = YES;
				ONLY_ACTIVE_ARCH = YES;
				SDKROOT = iphoneos;
				SWIFT_ACTIVE_COMPILATION_CONDITIONS = "DEBUG $(inherited)";
				SWIFT_OPTIMIZATION_LEVEL = "-Onone";
			};
			name = Debug;
		};
		458EF58E2BA191B50051AFA9 /* Release */ = {
			isa = XCBuildConfiguration;
			buildSettings = {
				ALWAYS_SEARCH_USER_PATHS = NO;
				ASSETCATALOG_COMPILER_GENERATE_SWIFT_ASSET_SYMBOL_EXTENSIONS = YES;
				CLANG_ANALYZER_NONNULL = YES;
				CLANG_ANALYZER_NUMBER_OBJECT_CONVERSION = YES_AGGRESSIVE;
				CLANG_CXX_LANGUAGE_STANDARD = "gnu++20";
				CLANG_ENABLE_MODULES = YES;
				CLANG_ENABLE_OBJC_ARC = YES;
				CLANG_ENABLE_OBJC_WEAK = YES;
				CLANG_WARN_BLOCK_CAPTURE_AUTORELEASING = YES;
				CLANG_WARN_BOOL_CONVERSION = YES;
				CLANG_WARN_COMMA = YES;
				CLANG_WARN_CONSTANT_CONVERSION = YES;
				CLANG_WARN_DEPRECATED_OBJC_IMPLEMENTATIONS = YES;
				CLANG_WARN_DIRECT_OBJC_ISA_USAGE = YES_ERROR;
				CLANG_WARN_DOCUMENTATION_COMMENTS = YES;
				CLANG_WARN_EMPTY_BODY = YES;
				CLANG_WARN_ENUM_CONVERSION = YES;
				CLANG_WARN_INFINITE_RECURSION = YES;
				CLANG_WARN_INT_CONVERSION = YES;
				CLANG_WARN_NON_LITERAL_NULL_CONVERSION = YES;
				CLANG_WARN_OBJC_IMPLICIT_RETAIN_SELF = YES;
				CLANG_WARN_OBJC_LITERAL_CONVERSION = YES;
				CLANG_WARN_OBJC_ROOT_CLASS = YES_ERROR;
				CLANG_WARN_QUOTED_INCLUDE_IN_FRAMEWORK_HEADER = YES;
				CLANG_WARN_RANGE_LOOP_ANALYSIS = YES;
				CLANG_WARN_STRICT_PROTOTYPES = YES;
				CLANG_WARN_SUSPICIOUS_MOVE = YES;
				CLANG_WARN_UNGUARDED_AVAILABILITY = YES_AGGRESSIVE;
				CLANG_WARN_UNREACHABLE_CODE = YES;
				CLANG_WARN__DUPLICATE_METHOD_MATCH = YES;
				COPY_PHASE_STRIP = NO;
				DEBUG_INFORMATION_FORMAT = "dwarf-with-dsym";
				ENABLE_NS_ASSERTIONS = NO;
				ENABLE_STRICT_OBJC_MSGSEND = YES;
				ENABLE_USER_SCRIPT_SANDBOXING = YES;
				GCC_C_LANGUAGE_STANDARD = gnu17;
				GCC_NO_COMMON_BLOCKS = YES;
				GCC_WARN_64_TO_32_BIT_CONVERSION = YES;
				GCC_WARN_ABOUT_RETURN_TYPE = YES_ERROR;
				GCC_WARN_UNDECLARED_SELECTOR = YES;
				GCC_WARN_UNINITIALIZED_AUTOS = YES_AGGRESSIVE;
				GCC_WARN_UNUSED_FUNCTION = YES;
				GCC_WARN_UNUSED_VARIABLE = YES;
				IPHONEOS_DEPLOYMENT_TARGET = 16.0;
				LOCALIZATION_PREFERS_STRING_CATALOGS = YES;
				MTL_ENABLE_DEBUG_INFO = NO;
				MTL_FAST_MATH = YES;
				SDKROOT = iphoneos;
				SWIFT_COMPILATION_MODE = wholemodule;
				VALIDATE_PRODUCT = YES;
			};
			name = Release;
		};
		458EF5902BA191B50051AFA9 /* Debug */ = {
			isa = XCBuildConfiguration;
			baseConfigurationReference = BD5458C6976D9DBDD670A542 /* Pods-iChat.debug.xcconfig */;
			buildSettings = {
				ASSETCATALOG_COMPILER_APPICON_NAME = AppIcon;
				ASSETCATALOG_COMPILER_GLOBAL_ACCENT_COLOR_NAME = AccentColor;
				CODE_SIGN_STYLE = Automatic;
				CURRENT_PROJECT_VERSION = 1;
				DEVELOPMENT_TEAM = L9P7H6TG5A;
				ENABLE_USER_SCRIPT_SANDBOXING = NO;
				GENERATE_INFOPLIST_FILE = YES;
				INFOPLIST_FILE = iChat/Info.plist;
				INFOPLIST_KEY_UIApplicationSupportsIndirectInputEvents = YES;
				INFOPLIST_KEY_UILaunchStoryboardName = LaunchScreen;
				INFOPLIST_KEY_UISupportedInterfaceOrientations_iPad = "UIInterfaceOrientationPortrait UIInterfaceOrientationPortraitUpsideDown UIInterfaceOrientationLandscapeLeft UIInterfaceOrientationLandscapeRight";
				INFOPLIST_KEY_UISupportedInterfaceOrientations_iPhone = "UIInterfaceOrientationPortrait UIInterfaceOrientationLandscapeLeft UIInterfaceOrientationLandscapeRight";
				IPHONEOS_DEPLOYMENT_TARGET = 16.2;
				LD_RUNPATH_SEARCH_PATHS = (
					"$(inherited)",
					"@executable_path/Frameworks",
				);
				MARKETING_VERSION = 1.0;
				PRODUCT_BUNDLE_IDENTIFIER = com.KEZ.iChat;
				PRODUCT_NAME = "$(TARGET_NAME)";
				SUPPORTED_PLATFORMS = "iphoneos iphonesimulator";
				SUPPORTS_MACCATALYST = NO;
				SUPPORTS_MAC_DESIGNED_FOR_IPHONE_IPAD = NO;
				SUPPORTS_XR_DESIGNED_FOR_IPHONE_IPAD = NO;
				SWIFT_EMIT_LOC_STRINGS = YES;
				SWIFT_VERSION = 5.0;
				TARGETED_DEVICE_FAMILY = 1;
			};
			name = Debug;
		};
		458EF5912BA191B50051AFA9 /* Release */ = {
			isa = XCBuildConfiguration;
			baseConfigurationReference = 95AE220CC4FC6EE563160779 /* Pods-iChat.release.xcconfig */;
			buildSettings = {
				ASSETCATALOG_COMPILER_APPICON_NAME = AppIcon;
				ASSETCATALOG_COMPILER_GLOBAL_ACCENT_COLOR_NAME = AccentColor;
				CODE_SIGN_STYLE = Automatic;
				CURRENT_PROJECT_VERSION = 1;
				DEVELOPMENT_TEAM = L9P7H6TG5A;
				ENABLE_USER_SCRIPT_SANDBOXING = NO;
				GENERATE_INFOPLIST_FILE = YES;
				INFOPLIST_FILE = iChat/Info.plist;
				INFOPLIST_KEY_UIApplicationSupportsIndirectInputEvents = YES;
				INFOPLIST_KEY_UILaunchStoryboardName = LaunchScreen;
				INFOPLIST_KEY_UISupportedInterfaceOrientations_iPad = "UIInterfaceOrientationPortrait UIInterfaceOrientationPortraitUpsideDown UIInterfaceOrientationLandscapeLeft UIInterfaceOrientationLandscapeRight";
				INFOPLIST_KEY_UISupportedInterfaceOrientations_iPhone = "UIInterfaceOrientationPortrait UIInterfaceOrientationLandscapeLeft UIInterfaceOrientationLandscapeRight";
				IPHONEOS_DEPLOYMENT_TARGET = 16.2;
				LD_RUNPATH_SEARCH_PATHS = (
					"$(inherited)",
					"@executable_path/Frameworks",
				);
				MARKETING_VERSION = 1.0;
				PRODUCT_BUNDLE_IDENTIFIER = com.KEZ.iChat;
				PRODUCT_NAME = "$(TARGET_NAME)";
				SUPPORTED_PLATFORMS = "iphoneos iphonesimulator";
				SUPPORTS_MACCATALYST = NO;
				SUPPORTS_MAC_DESIGNED_FOR_IPHONE_IPAD = NO;
				SUPPORTS_XR_DESIGNED_FOR_IPHONE_IPAD = NO;
				SWIFT_EMIT_LOC_STRINGS = YES;
				SWIFT_VERSION = 5.0;
				TARGETED_DEVICE_FAMILY = 1;
			};
			name = Release;
		};
/* End XCBuildConfiguration section */

/* Begin XCConfigurationList section */
		458EF5732BA191B20051AFA9 /* Build configuration list for PBXProject "iChat" */ = {
			isa = XCConfigurationList;
			buildConfigurations = (
				458EF58D2BA191B50051AFA9 /* Debug */,
				458EF58E2BA191B50051AFA9 /* Release */,
			);
			defaultConfigurationIsVisible = 0;
			defaultConfigurationName = Release;
		};
		458EF58F2BA191B50051AFA9 /* Build configuration list for PBXNativeTarget "iChat" */ = {
			isa = XCConfigurationList;
			buildConfigurations = (
				458EF5902BA191B50051AFA9 /* Debug */,
				458EF5912BA191B50051AFA9 /* Release */,
			);
			defaultConfigurationIsVisible = 0;
			defaultConfigurationName = Release;
		};
/* End XCConfigurationList section */

/* Begin XCVersionGroup section */
		458EF5842BA191B20051AFA9 /* iChat.xcdatamodeld */ = {
			isa = XCVersionGroup;
			children = (
				458EF5852BA191B20051AFA9 /* iChat.xcdatamodel */,
			);
			currentVersion = 458EF5852BA191B20051AFA9 /* iChat.xcdatamodel */;
			path = iChat.xcdatamodeld;
			sourceTree = "<group>";
			versionGroupType = wrapper.xcdatamodel;
		};
/* End XCVersionGroup section */
	};
	rootObject = 458EF5702BA191B20051AFA9 /* Project object */;
}
